
Microsoft Visual Studio Solution File, Format Version 12.00
# Visual Studio Version 18
VisualStudioVersion = 18.3.11312.210
MinimumVisualStudioVersion = 10.0.40219.1
Project("{FAE04EC0-301F-11D3-BF4B-00C04F79EFBC}") = "FAP.Common.Domain", "FAP.Domain\FAP.Common.Domain.csproj", "{E1193130-7EC8-4381-9D73-DD0B3A841B9F}"
EndProject
Project("{FAE04EC0-301F-11D3-BF4B-00C04F79EFBC}") = "FAP.Common.Infrastructure", "FAP.Infrastructure\FAP.Common.Infrastructure.csproj", "{E136CC89-6644-4EFA-B764-18A1C1426C64}"
EndProject
Project("{FAE04EC0-301F-11D3-BF4B-00C04F79EFBC}") = "FAP.Common.Application", "FAP.Common.Application\FAP.Common.Application.csproj", "{601D54C8-829F-4F67-9D79-7527141A8FA6}"
EndProject
Project("{FAE04EC0-301F-11D3-BF4B-00C04F79EFBC}") = "Application.UnitTests", "Application.UnitTests\Application.UnitTests.csproj", "{C9B89E47-0615-494B-BB0C-8CEEF0E82CA4}"
EndProject
Project("{FAE04EC0-301F-11D3-BF4B-00C04F79EFBC}") = "FAP.Test.Integration", "FAP.Test.Integration\FAP.Test.Integration.csproj", "{81B418D5-351D-4AEF-8C56-80BC11437FD6}"
EndProject
Project("{FAE04EC0-301F-11D3-BF4B-00C04F79EFBC}") = "FAP.Benchmarks", "FAP.Benchmarks\FAP.Benchmarks.csproj", "{519B1F08-BA5D-4FD2-A9D7-EF02022D98FC}"
EndProject
Project("{FAE04EC0-301F-11D3-BF4B-00C04F79EFBC}") = "FAP.Shared.Http", "FAP.Shared.Http\FAP.Shared.Http.csproj", "{FA010690-C641-4E44-87C8-2E89EFD11E37}"
EndProject
Project("{FAE04EC0-301F-11D3-BF4B-00C04F79EFBC}") = "FAP.Admin.Web", "FAP.Admin.Web\FAP.Admin.Web.csproj", "{B5EAD26B-F7E5-4664-9928-DFFDE7A5BF84}"
EndProject
Project("{2150E333-8FDC-42A3-9474-1A3956D46DE8}") = "4. Host", "4. Host", "{F712E886-1FD9-469F-B905-69C6D7D79945}"
EndProject
Project("{2150E333-8FDC-42A3-9474-1A3956D46DE8}") = "5. Test", "5. Test", "{2C0A4240-A364-4D35-92E2-15105BC1FEA4}"
EndProject
Project("{2150E333-8FDC-42A3-9474-1A3956D46DE8}") = "2. Infrastructure", "2. Infrastructure", "{5129ACC4-1A2A-404C-B219-D9459DF69DC7}"
EndProject
Project("{2150E333-8FDC-42A3-9474-1A3956D46DE8}") = "1. Domain", "1. Domain", "{638A81E9-E3C6-4F02-88F9-D2A9059F19A7}"
EndProject
Project("{2150E333-8FDC-42A3-9474-1A3956D46DE8}") = "3. Application", "3. Application", "{359870F1-4434-475E-83BC-270B19E7B399}"
EndProject
Project("{FAE04EC0-301F-11D3-BF4B-00C04F79EFBC}") = "FAP.Share.Dtos", "FAP.Share.Dto\FAP.Share.Dtos.csproj", "{F652103A-2752-42F0-9484-704323B28448}"
EndProject
Project("{FAE04EC0-301F-11D3-BF4B-00C04F79EFBC}") = "FAP.API.Backend", "FAP.API.Backend\FAP.API.Backend.csproj", "{97A2B21F-D3C3-7A2E-5431-26969F2D696A}"
EndProject
Global
	GlobalSection(SolutionConfigurationPlatforms) = preSolution
		Debug|Any CPU = Debug|Any CPU
		Debug|x64 = Debug|x64
		Debug|x86 = Debug|x86
		Release|Any CPU = Release|Any CPU
		Release|x64 = Release|x64
		Release|x86 = Release|x86
	EndGlobalSection
	GlobalSection(ProjectConfigurationPlatforms) = postSolution
		{E1193130-7EC8-4381-9D73-DD0B3A841B9F}.Debug|Any CPU.ActiveCfg = Debug|Any CPU
		{E1193130-7EC8-4381-9D73-DD0B3A841B9F}.Debug|Any CPU.Build.0 = Debug|Any CPU
		{E1193130-7EC8-4381-9D73-DD0B3A841B9F}.Debug|x64.ActiveCfg = Debug|Any CPU
		{E1193130-7EC8-4381-9D73-DD0B3A841B9F}.Debug|x64.Build.0 = Debug|Any CPU
		{E1193130-7EC8-4381-9D73-DD0B3A841B9F}.Debug|x86.ActiveCfg = Debug|Any CPU
		{E1193130-7EC8-4381-9D73-DD0B3A841B9F}.Debug|x86.Build.0 = Debug|Any CPU
		{E1193130-7EC8-4381-9D73-DD0B3A841B9F}.Release|Any CPU.ActiveCfg = Release|Any CPU
		{E1193130-7EC8-4381-9D73-DD0B3A841B9F}.Release|Any CPU.Build.0 = Release|Any CPU
		{E1193130-7EC8-4381-9D73-DD0B3A841B9F}.Release|x64.ActiveCfg = Release|Any CPU
		{E1193130-7EC8-4381-9D73-DD0B3A841B9F}.Release|x64.Build.0 = Release|Any CPU
		{E1193130-7EC8-4381-9D73-DD0B3A841B9F}.Release|x86.ActiveCfg = Release|Any CPU
		{E1193130-7EC8-4381-9D73-DD0B3A841B9F}.Release|x86.Build.0 = Release|Any CPU
		{E136CC89-6644-4EFA-B764-18A1C1426C64}.Debug|Any CPU.ActiveCfg = Debug|Any CPU
		{E136CC89-6644-4EFA-B764-18A1C1426C64}.Debug|Any CPU.Build.0 = Debug|Any CPU
		{E136CC89-6644-4EFA-B764-18A1C1426C64}.Debug|x64.ActiveCfg = Debug|Any CPU
		{E136CC89-6644-4EFA-B764-18A1C1426C64}.Debug|x64.Build.0 = Debug|Any CPU
		{E136CC89-6644-4EFA-B764-18A1C1426C64}.Debug|x86.ActiveCfg = Debug|Any CPU
		{E136CC89-6644-4EFA-B764-18A1C1426C64}.Debug|x86.Build.0 = Debug|Any CPU
		{E136CC89-6644-4EFA-B764-18A1C1426C64}.Release|Any CPU.ActiveCfg = Release|Any CPU
		{E136CC89-6644-4EFA-B764-18A1C1426C64}.Release|Any CPU.Build.0 = Release|Any CPU
		{E136CC89-6644-4EFA-B764-18A1C1426C64}.Release|x64.ActiveCfg = Release|Any CPU
		{E136CC89-6644-4EFA-B764-18A1C1426C64}.Release|x64.Build.0 = Release|Any CPU
		{E136CC89-6644-4EFA-B764-18A1C1426C64}.Release|x86.ActiveCfg = Release|Any CPU
		{E136CC89-6644-4EFA-B764-18A1C1426C64}.Release|x86.Build.0 = Release|Any CPU
		{601D54C8-829F-4F67-9D79-7527141A8FA6}.Debug|Any CPU.ActiveCfg = Debug|Any CPU
		{601D54C8-829F-4F67-9D79-7527141A8FA6}.Debug|Any CPU.Build.0 = Debug|Any CPU
		{601D54C8-829F-4F67-9D79-7527141A8FA6}.Debug|x64.ActiveCfg = Debug|Any CPU
		{601D54C8-829F-4F67-9D79-7527141A8FA6}.Debug|x64.Build.0 = Debug|Any CPU
		{601D54C8-829F-4F67-9D79-7527141A8FA6}.Debug|x86.ActiveCfg = Debug|Any CPU
		{601D54C8-829F-4F67-9D79-7527141A8FA6}.Debug|x86.Build.0 = Debug|Any CPU
		{601D54C8-829F-4F67-9D79-7527141A8FA6}.Release|Any CPU.ActiveCfg = Release|Any CPU
		{601D54C8-829F-4F67-9D79-7527141A8FA6}.Release|Any CPU.Build.0 = Release|Any CPU
		{601D54C8-829F-4F67-9D79-7527141A8FA6}.Release|x64.ActiveCfg = Release|Any CPU
		{601D54C8-829F-4F67-9D79-7527141A8FA6}.Release|x64.Build.0 = Release|Any CPU
		{601D54C8-829F-4F67-9D79-7527141A8FA6}.Release|x86.ActiveCfg = Release|Any CPU
		{601D54C8-829F-4F67-9D79-7527141A8FA6}.Release|x86.Build.0 = Release|Any CPU
		{C9B89E47-0615-494B-BB0C-8CEEF0E82CA4}.Debug|Any CPU.ActiveCfg = Debug|Any CPU
		{C9B89E47-0615-494B-BB0C-8CEEF0E82CA4}.Debug|Any CPU.Build.0 = Debug|Any CPU
		{C9B89E47-0615-494B-BB0C-8CEEF0E82CA4}.Debug|x64.ActiveCfg = Debug|Any CPU
		{C9B89E47-0615-494B-BB0C-8CEEF0E82CA4}.Debug|x64.Build.0 = Debug|Any CPU
		{C9B89E47-0615-494B-BB0C-8CEEF0E82CA4}.Debug|x86.ActiveCfg = Debug|Any CPU
		{C9B89E47-0615-494B-BB0C-8CEEF0E82CA4}.Debug|x86.Build.0 = Debug|Any CPU
		{C9B89E47-0615-494B-BB0C-8CEEF0E82CA4}.Release|Any CPU.ActiveCfg = Release|Any CPU
		{C9B89E47-0615-494B-BB0C-8CEEF0E82CA4}.Release|Any CPU.Build.0 = Release|Any CPU
		{C9B89E47-0615-494B-BB0C-8CEEF0E82CA4}.Release|x64.ActiveCfg = Release|Any CPU
		{C9B89E47-0615-494B-BB0C-8CEEF0E82CA4}.Release|x64.Build.0 = Release|Any CPU
		{C9B89E47-0615-494B-BB0C-8CEEF0E82CA4}.Release|x86.ActiveCfg = Release|Any CPU
		{C9B89E47-0615-494B-BB0C-8CEEF0E82CA4}.Release|x86.Build.0 = Release|Any CPU
		{81B418D5-351D-4AEF-8C56-80BC11437FD6}.Debug|Any CPU.ActiveCfg = Debug|Any CPU
		{81B418D5-351D-4AEF-8C56-80BC11437FD6}.Debug|Any CPU.Build.0 = Debug|Any CPU
		{81B418D5-351D-4AEF-8C56-80BC11437FD6}.Debug|x64.ActiveCfg = Debug|Any CPU
		{81B418D5-351D-4AEF-8C56-80BC11437FD6}.Debug|x64.Build.0 = Debug|Any CPU
		{81B418D5-351D-4AEF-8C56-80BC11437FD6}.Debug|x86.ActiveCfg = Debug|Any CPU
		{81B418D5-351D-4AEF-8C56-80BC11437FD6}.Debug|x86.Build.0 = Debug|Any CPU
		{81B418D5-351D-4AEF-8C56-80BC11437FD6}.Release|Any CPU.ActiveCfg = Release|Any CPU
		{81B418D5-351D-4AEF-8C56-80BC11437FD6}.Release|Any CPU.Build.0 = Release|Any CPU
		{81B418D5-351D-4AEF-8C56-80BC11437FD6}.Release|x64.ActiveCfg = Release|Any CPU
		{81B418D5-351D-4AEF-8C56-80BC11437FD6}.Release|x64.Build.0 = Release|Any CPU
		{81B418D5-351D-4AEF-8C56-80BC11437FD6}.Release|x86.ActiveCfg = Release|Any CPU
		{81B418D5-351D-4AEF-8C56-80BC11437FD6}.Release|x86.Build.0 = Release|Any CPU
		{519B1F08-BA5D-4FD2-A9D7-EF02022D98FC}.Debug|Any CPU.ActiveCfg = Debug|Any CPU
		{519B1F08-BA5D-4FD2-A9D7-EF02022D98FC}.Debug|Any CPU.Build.0 = Debug|Any CPU
		{519B1F08-BA5D-4FD2-A9D7-EF02022D98FC}.Debug|x64.ActiveCfg = Debug|Any CPU
		{519B1F08-BA5D-4FD2-A9D7-EF02022D98FC}.Debug|x64.Build.0 = Debug|Any CPU
		{519B1F08-BA5D-4FD2-A9D7-EF02022D98FC}.Debug|x86.ActiveCfg = Debug|Any CPU
		{519B1F08-BA5D-4FD2-A9D7-EF02022D98FC}.Debug|x86.Build.0 = Debug|Any CPU
		{519B1F08-BA5D-4FD2-A9D7-EF02022D98FC}.Release|Any CPU.ActiveCfg = Release|Any CPU
		{519B1F08-BA5D-4FD2-A9D7-EF02022D98FC}.Release|Any CPU.Build.0 = Release|Any CPU
		{519B1F08-BA5D-4FD2-A9D7-EF02022D98FC}.Release|x64.ActiveCfg = Release|Any CPU
		{519B1F08-BA5D-4FD2-A9D7-EF02022D98FC}.Release|x64.Build.0 = Release|Any CPU
		{519B1F08-BA5D-4FD2-A9D7-EF02022D98FC}.Release|x86.ActiveCfg = Release|Any CPU
		{519B1F08-BA5D-4FD2-A9D7-EF02022D98FC}.Release|x86.Build.0 = Release|Any CPU
		{FA010690-C641-4E44-87C8-2E89EFD11E37}.Debug|Any CPU.ActiveCfg = Debug|Any CPU
		{FA010690-C641-4E44-87C8-2E89EFD11E37}.Debug|Any CPU.Build.0 = Debug|Any CPU
		{FA010690-C641-4E44-87C8-2E89EFD11E37}.Debug|x64.ActiveCfg = Debug|Any CPU
		{FA010690-C641-4E44-87C8-2E89EFD11E37}.Debug|x64.Build.0 = Debug|Any CPU
		{FA010690-C641-4E44-87C8-2E89EFD11E37}.Debug|x86.ActiveCfg = Debug|Any CPU
		{FA010690-C641-4E44-87C8-2E89EFD11E37}.Debug|x86.Build.0 = Debug|Any CPU
		{FA010690-C641-4E44-87C8-2E89EFD11E37}.Release|Any CPU.ActiveCfg = Release|Any CPU
		{FA010690-C641-4E44-87C8-2E89EFD11E37}.Release|Any CPU.Build.0 = Release|Any CPU
		{FA010690-C641-4E44-87C8-2E89EFD11E37}.Release|x64.ActiveCfg = Release|Any CPU
		{FA010690-C641-4E44-87C8-2E89EFD11E37}.Release|x64.Build.0 = Release|Any CPU
		{FA010690-C641-4E44-87C8-2E89EFD11E37}.Release|x86.ActiveCfg = Release|Any CPU
		{FA010690-C641-4E44-87C8-2E89EFD11E37}.Release|x86.Build.0 = Release|Any CPU
		{B5EAD26B-F7E5-4664-9928-DFFDE7A5BF84}.Debug|Any CPU.ActiveCfg = Debug|Any CPU
		{B5EAD26B-F7E5-4664-9928-DFFDE7A5BF84}.Debug|Any CPU.Build.0 = Debug|Any CPU
		{B5EAD26B-F7E5-4664-9928-DFFDE7A5BF84}.Debug|x64.ActiveCfg = Debug|Any CPU
		{B5EAD26B-F7E5-4664-9928-DFFDE7A5BF84}.Debug|x64.Build.0 = Debug|Any CPU
		{B5EAD26B-F7E5-4664-9928-DFFDE7A5BF84}.Debug|x86.ActiveCfg = Debug|Any CPU
		{B5EAD26B-F7E5-4664-9928-DFFDE7A5BF84}.Debug|x86.Build.0 = Debug|Any CPU
		{B5EAD26B-F7E5-4664-9928-DFFDE7A5BF84}.Release|Any CPU.ActiveCfg = Release|Any CPU
		{B5EAD26B-F7E5-4664-9928-DFFDE7A5BF84}.Release|Any CPU.Build.0 = Release|Any CPU
		{B5EAD26B-F7E5-4664-9928-DFFDE7A5BF84}.Release|x64.ActiveCfg = Release|Any CPU
		{B5EAD26B-F7E5-4664-9928-DFFDE7A5BF84}.Release|x64.Build.0 = Release|Any CPU
		{B5EAD26B-F7E5-4664-9928-DFFDE7A5BF84}.Release|x86.ActiveCfg = Release|Any CPU
		{B5EAD26B-F7E5-4664-9928-DFFDE7A5BF84}.Release|x86.Build.0 = Release|Any CPU
		{F652103A-2752-42F0-9484-704323B28448}.Debug|Any CPU.ActiveCfg = Debug|Any CPU
		{F652103A-2752-42F0-9484-704323B28448}.Debug|Any CPU.Build.0 = Debug|Any CPU
		{F652103A-2752-42F0-9484-704323B28448}.Debug|x64.ActiveCfg = Debug|Any CPU
		{F652103A-2752-42F0-9484-704323B28448}.Debug|x64.Build.0 = Debug|Any CPU
		{F652103A-2752-42F0-9484-704323B28448}.Debug|x86.ActiveCfg = Debug|Any CPU
		{F652103A-2752-42F0-9484-704323B28448}.Debug|x86.Build.0 = Debug|Any CPU
		{F652103A-2752-42F0-9484-704323B28448}.Release|Any CPU.ActiveCfg = Release|Any CPU
		{F652103A-2752-42F0-9484-704323B28448}.Release|Any CPU.Build.0 = Release|Any CPU
		{F652103A-2752-42F0-9484-704323B28448}.Release|x64.ActiveCfg = Release|Any CPU
		{F652103A-2752-42F0-9484-704323B28448}.Release|x64.Build.0 = Release|Any CPU
		{F652103A-2752-42F0-9484-704323B28448}.Release|x86.ActiveCfg = Release|Any CPU
		{F652103A-2752-42F0-9484-704323B28448}.Release|x86.Build.0 = Release|Any CPU
		{97A2B21F-D3C3-7A2E-5431-26969F2D696A}.Debug|Any CPU.ActiveCfg = Debug|Any CPU
		{97A2B21F-D3C3-7A2E-5431-26969F2D696A}.Debug|Any CPU.Build.0 = Debug|Any CPU
		{97A2B21F-D3C3-7A2E-5431-26969F2D696A}.Debug|x64.ActiveCfg = Debug|Any CPU
		{97A2B21F-D3C3-7A2E-5431-26969F2D696A}.Debug|x64.Build.0 = Debug|Any CPU
		{97A2B21F-D3C3-7A2E-5431-26969F2D696A}.Debug|x86.ActiveCfg = Debug|Any CPU
		{97A2B21F-D3C3-7A2E-5431-26969F2D696A}.Debug|x86.Build.0 = Debug|Any CPU
		{97A2B21F-D3C3-7A2E-5431-26969F2D696A}.Release|Any CPU.ActiveCfg = Release|Any CPU
		{97A2B21F-D3C3-7A2E-5431-26969F2D696A}.Release|Any CPU.Build.0 = Release|Any CPU
		{97A2B21F-D3C3-7A2E-5431-26969F2D696A}.Release|x64.ActiveCfg = Release|Any CPU
		{97A2B21F-D3C3-7A2E-5431-26969F2D696A}.Release|x64.Build.0 = Release|Any CPU
		{97A2B21F-D3C3-7A2E-5431-26969F2D696A}.Release|x86.ActiveCfg = Release|Any CPU
		{97A2B21F-D3C3-7A2E-5431-26969F2D696A}.Release|x86.Build.0 = Release|Any CPU
	EndGlobalSection
	GlobalSection(SolutionProperties) = preSolution
		HideSolutionNode = FALSE
	EndGlobalSection
	GlobalSection(NestedProjects) = preSolution
		{E1193130-7EC8-4381-9D73-DD0B3A841B9F} = {638A81E9-E3C6-4F02-88F9-D2A9059F19A7}
		{E136CC89-6644-4EFA-B764-18A1C1426C64} = {5129ACC4-1A2A-404C-B219-D9459DF69DC7}
		{601D54C8-829F-4F67-9D79-7527141A8FA6} = {359870F1-4434-475E-83BC-270B19E7B399}
		{C9B89E47-0615-494B-BB0C-8CEEF0E82CA4} = {2C0A4240-A364-4D35-92E2-15105BC1FEA4}
		{81B418D5-351D-4AEF-8C56-80BC11437FD6} = {2C0A4240-A364-4D35-92E2-15105BC1FEA4}
		{519B1F08-BA5D-4FD2-A9D7-EF02022D98FC} = {2C0A4240-A364-4D35-92E2-15105BC1FEA4}
		{FA010690-C641-4E44-87C8-2E89EFD11E37} = {5129ACC4-1A2A-404C-B219-D9459DF69DC7}
		{B5EAD26B-F7E5-4664-9928-DFFDE7A5BF84} = {F712E886-1FD9-469F-B905-69C6D7D79945}
		{F652103A-2752-42F0-9484-704323B28448} = {5129ACC4-1A2A-404C-B219-D9459DF69DC7}
		{97A2B21F-D3C3-7A2E-5431-26969F2D696A} = {F712E886-1FD9-469F-B905-69C6D7D79945}
	EndGlobalSection
	GlobalSection(ExtensibilityGlobals) = postSolution
		SolutionGuid = {1270C590-1DD1-44ED-9113-EAEFF6798D4E}
	EndGlobalSection
EndGlobal
